{
  "nodes": {
    "nixpkgs": {
      "locked": {
        "lastModified": 1776877367,
        "narHash": "sha256-EHq1/OX139R1RvBzOJ0aMRT3xnWyqtHBRUBuO1gFzjI=",
        "owner": "nixos",
        "repo": "nixpkgs",
        "rev": "0726a0ecb6d4e08f6adced58726b95db924cef57",
        "type": "github"
      },
      "original": {
        "owner": "nixos",
        "ref": "nixos-unstable",
        "repo": "nixpkgs",
        "type": "github"
      }
    },
    "openclaw": {
      "inputs": {
        "nixpkgs": [
          "nixpkgs"
        ]
      },
      "locked": {
        "lastModified": 1771853299,
        "narHash": "sha256-RBW6MvUITjh4nJW8Xo5NBk5pxrlpKqGUVoTxsDPwXbo=",
        "owner": "Scout-DJ",
        "repo": "openclaw-nix",
        "rev": "a6782a4de832339d49f0811f73eacd4e44e1d753",
        "type": "github"
      },
      "original": {
        "owner": "Scout-DJ",
        "repo": "openclaw-nix",
        "type": "github"
      }
    },
    "root": {
      "inputs": {
        "nixpkgs": "nixpkgs",
        "openclaw": "openclaw",
        "sops-nix": "sops-nix"
      }
    },
    "sops-nix": {
      "inputs": {
        "nixpkgs": [
          "nixpkgs"
        ]
      },
      "locked": {
        "lastModified": 1776771786,
        "narHash": "sha256-DRFGPfFV6hbrfO9a1PH1FkCi7qR5FgjSqsQGGvk1rdI=",
        "owner": "Mic92",
        "repo": "sops-nix",
        "rev": "bef289e2248991f7afeb95965c82fbcd8ff72598",
        "type": "github"
      },
      "original": {
        "owner": "Mic92",
        "repo": "sops-nix",
        "type": "github"
      }
    }
  },
  "root": "root",
  "version": 7
}
